
Microsoft Visual Studio Solution File, Format Version 12.00
# Visual Studio 15
VisualStudioVersion = 15.0.27130.2010
MinimumVisualStudioVersion = 10.0.40219.1
Project("{FAE04EC0-301F-11D3-BF4B-00C04F79EFBC}") = "ContosoUniversity", "ContosoUniversity\ContosoUniversity.csproj", "{EB706312-6AC4-493E-B587-D79C235DEC0A}"
EndProject
Project("{E53339B2-1760-4266-BCC7-CA923CBCF16C}") = "docker-compose", "docker-compose.dcproj", "{7954A571-AE25-447F-9B8C-97BFFD5509F0}"
EndProject
Global
	GlobalSection(SolutionConfigurationPlatforms) = preSolution
		Debug|Any CPU = Debug|Any CPU
		Release|Any CPU = Release|Any CPU
	EndGlobalSection
	GlobalSection(ProjectConfigurationPlatforms) = postSolution
		{EB706312-6AC4-493E-B587-D79C235DEC0A}.Debug|Any CPU.ActiveCfg = Debug|Any CPU
		{EB706312-6AC4-493E-B587-D79C235DEC0A}.Debug|Any CPU.Build.0 = Debug|Any CPU
		{EB706312-6AC4-493E-B587-D79C235DEC0A}.Release|Any CPU.ActiveCfg = Release|Any CPU
		{EB706312-6AC4-493E-B587-D79C235DEC0A}.Release|Any CPU.Build.0 = Release|Any CPU
		{7954A571-AE25-447F-9B8C-97BFFD5509F0}.Debug|Any CPU.ActiveCfg = Debug|Any CPU
		{7954A571-AE25-447F-9B8C-97BFFD5509F0}.Debug|Any CPU.Build.0 = Debug|Any CPU
		{7954A571-AE25-447F-9B8C-97BFFD5509F0}.Release|Any CPU.ActiveCfg = Release|Any CPU
		{7954A571-AE25-447F-9B8C-97BFFD5509F0}.Release|Any CPU.Build.0 = Release|Any CPU
	EndGlobalSection
	GlobalSection(SolutionProperties) = preSolution
		HideSolutionNode = FALSE
	EndGlobalSection
	GlobalSection(ExtensibilityGlobals) = postSolution
		SolutionGuid = {F711E7AD-F547-45D1-8833-01929B6ABF79}
	EndGlobalSection
EndGlobal
